
Microsoft Visual Studio Solution File, Format Version 12.00
# Visual Studio Version 16
VisualStudioVersion = 16.0.29728.190
MinimumVisualStudioVersion = 10.0.40219.1
Project("{FAE04EC0-301F-11D3-BF4B-00C04F79EFBC}") = "ProjetoWebMvc", "ProjetoWebMvc\ProjetoWebMvc.csproj", "{53F719E9-B4B8-4C57-9FB3-7DB23D2B565B}"
EndProject
Global
	GlobalSection(SolutionConfigurationPlatforms) = preSolution
		Debug|Any CPU = Debug|Any CPU
		Release|Any CPU = Release|Any CPU
	EndGlobalSection
	GlobalSection(ProjectConfigurationPlatforms) = postSolution
		{53F719E9-B4B8-4C57-9FB3-7DB23D2B565B}.Debug|Any CPU.ActiveCfg = Debug|Any CPU
		{53F719E9-B4B8-4C57-9FB3-7DB23D2B565B}.Debug|Any CPU.Build.0 = Debug|Any CPU
		{53F719E9-B4B8-4C57-9FB3-7DB23D2B565B}.Release|Any CPU.ActiveCfg = Release|Any CPU
		{53F719E9-B4B8-4C57-9FB3-7DB23D2B565B}.Release|Any CPU.Build.0 = Release|Any CPU
	EndGlobalSection
	GlobalSection(SolutionProperties) = preSolution
		HideSolutionNode = FALSE
	EndGlobalSection
	GlobalSection(ExtensibilityGlobals) = postSolution
		SolutionGuid = {077B418E-BFEA-4F32-88C0-385E53725060}
	EndGlobalSection
EndGlobal
